
Microsoft Visual Studio Solution File, Format Version 12.00
# Visual Studio Version 16
VisualStudioVersion = 16.0.32413.511
MinimumVisualStudioVersion = 10.0.40219.1
Project("{8BC9CEB8-8B4A-11D0-8D11-00A0C91BC942}") = "Matrix", "Matrix.vcxproj", "{472C3946-6F71-4EEC-8356-E907013787B2}"
EndProject
Global
	GlobalSection(SolutionConfigurationPlatforms) = preSolution
		Debug|x64 = Debug|x64
		Debug|x86 = Debug|x86
		Release|x64 = Release|x64
		Release|x86 = Release|x86
	EndGlobalSection
	GlobalSection(ProjectConfigurationPlatforms) = postSolution
		{472C3946-6F71-4EEC-8356-E907013787B2}.Debug|x64.ActiveCfg = Debug|x64
		{472C3946-6F71-4EEC-8356-E907013787B2}.Debug|x64.Build.0 = Debug|x64
		{472C3946-6F71-4EEC-8356-E907013787B2}.Debug|x86.ActiveCfg = Debug|Win32
		{472C3946-6F71-4EEC-8356-E907013787B2}.Debug|x86.Build.0 = Debug|Win32
		{472C3946-6F71-4EEC-8356-E907013787B2}.Release|x64.ActiveCfg = Release|x64
		{472C3946-6F71-4EEC-8356-E907013787B2}.Release|x64.Build.0 = Release|x64
		{472C3946-6F71-4EEC-8356-E907013787B2}.Release|x86.ActiveCfg = Release|Win32
		{472C3946-6F71-4EEC-8356-E907013787B2}.Release|x86.Build.0 = Release|Win32
	EndGlobalSection
	GlobalSection(SolutionProperties) = preSolution
		HideSolutionNode = FALSE
	EndGlobalSection
	GlobalSection(ExtensibilityGlobals) = postSolution
		SolutionGuid = {85091F14-9221-4258-A36A-01FED823342E}
	EndGlobalSection
EndGlobal
